
Microsoft Visual Studio Solution File, Format Version 12.00
# Visual Studio Version 16
VisualStudioVersion = 16.0.29728.190
MinimumVisualStudioVersion = 10.0.40219.1
Project("{FAE04EC0-301F-11D3-BF4B-00C04F79EFBC}") = "Text-Based-Adventure", "Text-Based-Adventure\Text-Based-Adventure.csproj", "{7DE31F48-A9FB-4EA3-A8DA-E840BE8488C3}"
EndProject
Global
	GlobalSection(SolutionConfigurationPlatforms) = preSolution
		Debug|Any CPU = Debug|Any CPU
		Release|Any CPU = Release|Any CPU
	EndGlobalSection
	GlobalSection(ProjectConfigurationPlatforms) = postSolution
		{7DE31F48-A9FB-4EA3-A8DA-E840BE8488C3}.Debug|Any CPU.ActiveCfg = Debug|Any CPU
		{7DE31F48-A9FB-4EA3-A8DA-E840BE8488C3}.Debug|Any CPU.Build.0 = Debug|Any CPU
		{7DE31F48-A9FB-4EA3-A8DA-E840BE8488C3}.Release|Any CPU.ActiveCfg = Release|Any CPU
		{7DE31F48-A9FB-4EA3-A8DA-E840BE8488C3}.Release|Any CPU.Build.0 = Release|Any CPU
	EndGlobalSection
	GlobalSection(SolutionProperties) = preSolution
		HideSolutionNode = FALSE
	EndGlobalSection
	GlobalSection(ExtensibilityGlobals) = postSolution
		SolutionGuid = {34BFFD8B-A5BB-40BC-88AB-069235C887F5}
	EndGlobalSection
EndGlobal
