
Microsoft Visual Studio Solution File, Format Version 12.00
# Visual Studio Version 16
VisualStudioVersion = 16.0.31005.135
MinimumVisualStudioVersion = 10.0.40219.1
Project("{9A19103F-16F7-4668-BE54-9A1E7A4F7556}") = "Text-Based-Adventure", "Text-Based-Adventure.csproj", "{B280DD2B-82AB-4BF9-BC66-84CD95EB433D}"
EndProject
Global
	GlobalSection(SolutionConfigurationPlatforms) = preSolution
		Debug|Any CPU = Debug|Any CPU
		Release|Any CPU = Release|Any CPU
	EndGlobalSection
	GlobalSection(ProjectConfigurationPlatforms) = postSolution
		{B280DD2B-82AB-4BF9-BC66-84CD95EB433D}.Debug|Any CPU.ActiveCfg = Debug|Any CPU
		{B280DD2B-82AB-4BF9-BC66-84CD95EB433D}.Debug|Any CPU.Build.0 = Debug|Any CPU
		{B280DD2B-82AB-4BF9-BC66-84CD95EB433D}.Release|Any CPU.ActiveCfg = Release|Any CPU
		{B280DD2B-82AB-4BF9-BC66-84CD95EB433D}.Release|Any CPU.Build.0 = Release|Any CPU
	EndGlobalSection
	GlobalSection(SolutionProperties) = preSolution
		HideSolutionNode = FALSE
	EndGlobalSection
	GlobalSection(ExtensibilityGlobals) = postSolution
		SolutionGuid = {A879F0A9-CB4E-410F-B5C2-B9AA812B7BE9}
	EndGlobalSection
EndGlobal
